{
  "name": "@tinyscrews/metadata",
  "version": "0.2.0",
  "lockfileVersion": 1,
  "requires": true,
  "dependencies": {
    "@abraham/reflection": {
      "version": "0.8.0",
      "resolved": "https://registry.npmjs.org/@abraham/reflection/-/reflection-0.8.0.tgz",
      "integrity": "sha512-Oy2jk9hHEI/t1avTgB4BCQtceUOqwrElQdecGS0wTqH5rc0KXysUrhpX4ep0vCMjoxzNyXSx7JU+KWkrkFIKOg=="
    },
    "typescript": {
      "version": "4.5.5",
      "resolved": "https://registry.npmjs.org/typescript/-/typescript-4.5.5.tgz",
      "integrity": "sha512-TCTIul70LyWe6IJWT8QSYeA54WQe8EjQFU4wY52Fasj5UKx88LNYKCgBEHcOMOrFF1rKGbD8v/xcNWVUq9SymA==",
      "dev": true
    }
  }
}
