{
  "name": "@tinyscrews/metadata",
  "version": "0.2.0",
  "lockfileVersion": 1,
  "requires": true,
  "dependencies": {
    "@abraham/reflection": {
      "version": "0.9.1",
      "resolved": "https://registry.npmjs.org/@abraham/reflection/-/reflection-0.9.1.tgz",
      "integrity": "sha512-uUfxTjKTkPs9IDJkKvpUBunZPIwaCCBZ/x8VS6eVpzCLQyyu9gk5cYW+2jpRptjaHd0ZRiKXO9FpA9rKguE4nw=="
    },
    "typescript": {
      "version": "4.5.5",
      "resolved": "https://registry.npmjs.org/typescript/-/typescript-4.5.5.tgz",
      "integrity": "sha512-TCTIul70LyWe6IJWT8QSYeA54WQe8EjQFU4wY52Fasj5UKx88LNYKCgBEHcOMOrFF1rKGbD8v/xcNWVUq9SymA==",
      "dev": true
    }
  }
}
